
Microsoft Visual Studio Solution File, Format Version 12.00
# Visual Studio Version 17
VisualStudioVersion = 17.7.34009.444
MinimumVisualStudioVersion = 10.0.40219.1
Project("{FAE04EC0-301F-11D3-BF4B-00C04F79EFBC}") = "Hello", "Hello\Hello.csproj", "{239DEFA7-9A47-40C1-B68F-4361F78A4B1B}"
EndProject
Global
	GlobalSection(SolutionConfigurationPlatforms) = preSolution
		Debug|Any CPU = Debug|Any CPU
		Release|Any CPU = Release|Any CPU
	EndGlobalSection
	GlobalSection(ProjectConfigurationPlatforms) = postSolution
		{239DEFA7-9A47-40C1-B68F-4361F78A4B1B}.Debug|Any CPU.ActiveCfg = Debug|Any CPU
		{239DEFA7-9A47-40C1-B68F-4361F78A4B1B}.Debug|Any CPU.Build.0 = Debug|Any CPU
		{239DEFA7-9A47-40C1-B68F-4361F78A4B1B}.Release|Any CPU.ActiveCfg = Release|Any CPU
		{239DEFA7-9A47-40C1-B68F-4361F78A4B1B}.Release|Any CPU.Build.0 = Release|Any CPU
	EndGlobalSection
	GlobalSection(SolutionProperties) = preSolution
		HideSolutionNode = FALSE
	EndGlobalSection
	GlobalSection(ExtensibilityGlobals) = postSolution
		SolutionGuid = {7930F1CB-79DD-4123-8D15-EEC593FDA29B}
	EndGlobalSection
EndGlobal
