
Microsoft Visual Studio Solution File, Format Version 12.00
# Visual Studio Version 17
VisualStudioVersion = 17.7.34009.444
MinimumVisualStudioVersion = 10.0.40219.1
Project("{FAE04EC0-301F-11D3-BF4B-00C04F79EFBC}") = "CurdApplication", "CurdApplication\CurdApplication.csproj", "{11933897-EEFE-4315-94C3-3CC8A586E363}"
EndProject
Global
	GlobalSection(SolutionConfigurationPlatforms) = preSolution
		Debug|Any CPU = Debug|Any CPU
		Release|Any CPU = Release|Any CPU
	EndGlobalSection
	GlobalSection(ProjectConfigurationPlatforms) = postSolution
		{11933897-EEFE-4315-94C3-3CC8A586E363}.Debug|Any CPU.ActiveCfg = Debug|Any CPU
		{11933897-EEFE-4315-94C3-3CC8A586E363}.Debug|Any CPU.Build.0 = Debug|Any CPU
		{11933897-EEFE-4315-94C3-3CC8A586E363}.Release|Any CPU.ActiveCfg = Release|Any CPU
		{11933897-EEFE-4315-94C3-3CC8A586E363}.Release|Any CPU.Build.0 = Release|Any CPU
	EndGlobalSection
	GlobalSection(SolutionProperties) = preSolution
		HideSolutionNode = FALSE
	EndGlobalSection
	GlobalSection(ExtensibilityGlobals) = postSolution
		SolutionGuid = {5406BB85-3E43-44EF-8F12-61232982FA29}
	EndGlobalSection
EndGlobal
